
Microsoft Visual Studio Solution File, Format Version 12.00
# Visual Studio Version 17
VisualStudioVersion = 17.14.36414.22 d17.14
MinimumVisualStudioVersion = 10.0.40219.1
Project("{FAE04EC0-301F-11D3-BF4B-00C04F79EFBC}") = "Entity Framework", "Entity Framework\Entity Framework.csproj", "{B7C473DD-A35A-4B3F-A7FB-95E6D3F8502B}"
EndProject
Global
	GlobalSection(SolutionConfigurationPlatforms) = preSolution
		Debug|Any CPU = Debug|Any CPU
		Release|Any CPU = Release|Any CPU
	EndGlobalSection
	GlobalSection(ProjectConfigurationPlatforms) = postSolution
		{B7C473DD-A35A-4B3F-A7FB-95E6D3F8502B}.Debug|Any CPU.ActiveCfg = Debug|Any CPU
		{B7C473DD-A35A-4B3F-A7FB-95E6D3F8502B}.Debug|Any CPU.Build.0 = Debug|Any CPU
		{B7C473DD-A35A-4B3F-A7FB-95E6D3F8502B}.Release|Any CPU.ActiveCfg = Release|Any CPU
		{B7C473DD-A35A-4B3F-A7FB-95E6D3F8502B}.Release|Any CPU.Build.0 = Release|Any CPU
	EndGlobalSection
	GlobalSection(SolutionProperties) = preSolution
		HideSolutionNode = FALSE
	EndGlobalSection
	GlobalSection(ExtensibilityGlobals) = postSolution
		SolutionGuid = {CF1005FE-AA9F-4B8F-B17F-28A78C37C20B}
	EndGlobalSection
EndGlobal
